
Microsoft Visual Studio Solution File, Format Version 12.00
# Visual Studio 15
Project("{FAE04EC0-301F-11D3-BF4B-00C04F79EFBC}") = "Assembly-CSharp", "Assembly-CSharp.csproj", "{7322BBE5-2B17-EC2D-D218-68CEFCFA9889}"
EndProject
Project("{FAE04EC0-301F-11D3-BF4B-00C04F79EFBC}") = "Assembly-CSharp-Editor", "Assembly-CSharp-Editor.csproj", "{9C183008-793C-68B7-F129-228321C8D20A}"
EndProject
Global
	GlobalSection(SolutionConfigurationPlatforms) = preSolution
		Debug|Any CPU = Debug|Any CPU
		Release|Any CPU = Release|Any CPU
	EndGlobalSection
	GlobalSection(ProjectConfigurationPlatforms) = postSolution
		{7322BBE5-2B17-EC2D-D218-68CEFCFA9889}.Debug|Any CPU.ActiveCfg = Debug|Any CPU
		{7322BBE5-2B17-EC2D-D218-68CEFCFA9889}.Debug|Any CPU.Build.0 = Debug|Any CPU
		{7322BBE5-2B17-EC2D-D218-68CEFCFA9889}.Release|Any CPU.ActiveCfg = Release|Any CPU
		{7322BBE5-2B17-EC2D-D218-68CEFCFA9889}.Release|Any CPU.Build.0 = Release|Any CPU
		{9C183008-793C-68B7-F129-228321C8D20A}.Debug|Any CPU.ActiveCfg = Debug|Any CPU
		{9C183008-793C-68B7-F129-228321C8D20A}.Debug|Any CPU.Build.0 = Debug|Any CPU
		{9C183008-793C-68B7-F129-228321C8D20A}.Release|Any CPU.ActiveCfg = Release|Any CPU
		{9C183008-793C-68B7-F129-228321C8D20A}.Release|Any CPU.Build.0 = Release|Any CPU
	EndGlobalSection
	GlobalSection(SolutionProperties) = preSolution
		HideSolutionNode = FALSE
	EndGlobalSection
EndGlobal
